// !$*UTF8*$!
{
	archiveVersion = 1;
	classes = {
	};
	objectVersion = 56;
	objects = {

/* Begin PBXBuildFile section */
		72E06C6329E4716F000E4555 /* LearningAppV1App.swift in Sources */ = {isa = PBXBuildFile; fileRef = 72E06C6229E4716F000E4555 /* LearningAppV1App.swift */; };
		72E06C6529E4716F000E4555 /* HomeView.swift in Sources */ = {isa = PBXBuildFile; fileRef = 72E06C6429E4716F000E4555 /* HomeView.swift */; };
		72E06C6729E47170000E4555 /* Assets.xcassets in Resources */ = {isa = PBXBuildFile; fileRef = 72E06C6629E47170000E4555 /* Assets.xcassets */; };
		72E06C6A29E47170000E4555 /* Preview Assets.xcassets in Resources */ = {isa = PBXBuildFile; fileRef = 72E06C6929E47170000E4555 /* Preview Assets.xcassets */; };
		72E06C7629E4725B000E4555 /* ContentModel.swift in Sources */ = {isa = PBXBuildFile; fileRef = 72E06C7529E4725B000E4555 /* ContentModel.swift */; };
		72E06C7929E474A0000E4555 /* style.html in Resources */ = {isa = PBXBuildFile; fileRef = 72E06C7729E474A0000E4555 /* style.html */; };
		72E06C7A29E474A0000E4555 /* data.json in Resources */ = {isa = PBXBuildFile; fileRef = 72E06C7829E474A0000E4555 /* data.json */; };
		72E06C7C29E4857E000E4555 /* Models.swift in Sources */ = {isa = PBXBuildFile; fileRef = 72E06C7B29E4857E000E4555 /* Models.swift */; };
		72E06C7E29E48F41000E4555 /* HomeViewRow.swift in Sources */ = {isa = PBXBuildFile; fileRef = 72E06C7D29E48F41000E4555 /* HomeViewRow.swift */; };
		72E06C8029E4AA08000E4555 /* LessonView.swift in Sources */ = {isa = PBXBuildFile; fileRef = 72E06C7F29E4AA08000E4555 /* LessonView.swift */; };
		72E06C8229E4AB09000E4555 /* TestView.swift in Sources */ = {isa = PBXBuildFile; fileRef = 72E06C8129E4AB09000E4555 /* TestView.swift */; };
		72E06C8429E58E8F000E4555 /* ContentView.swift in Sources */ = {isa = PBXBuildFile; fileRef = 72E06C8329E58E8F000E4555 /* ContentView.swift */; };
		72E06C8629E5A3F4000E4555 /* ContentViewRow.swift in Sources */ = {isa = PBXBuildFile; fileRef = 72E06C8529E5A3F4000E4555 /* ContentViewRow.swift */; };
/* End PBXBuildFile section */

/* Begin PBXFileReference section */
		72E06C5F29E4716F000E4555 /* LearningAppV1.app */ = {isa = PBXFileReference; explicitFileType = wrapper.application; includeInIndex = 0; path = LearningAppV1.app; sourceTree = BUILT_PRODUCTS_DIR; };
		72E06C6229E4716F000E4555 /* LearningAppV1App.swift */ = {isa = PBXFileReference; lastKnownFileType = sourcecode.swift; path = LearningAppV1App.swift; sourceTree = "<group>"; };
		72E06C6429E4716F000E4555 /* HomeView.swift */ = {isa = PBXFileReference; lastKnownFileType = sourcecode.swift; path = HomeView.swift; sourceTree = "<group>"; };
		72E06C6629E47170000E4555 /* Assets.xcassets */ = {isa = PBXFileReference; lastKnownFileType = folder.assetcatalog; path = Assets.xcassets; sourceTree = "<group>"; };
		72E06C6929E47170000E4555 /* Preview Assets.xcassets */ = {isa = PBXFileReference; lastKnownFileType = folder.assetcatalog; path = "Preview Assets.xcassets"; sourceTree = "<group>"; };
		72E06C7529E4725B000E4555 /* ContentModel.swift */ = {isa = PBXFileReference; lastKnownFileType = sourcecode.swift; path = ContentModel.swift; sourceTree = "<group>"; };
		72E06C7729E474A0000E4555 /* style.html */ = {isa = PBXFileReference; fileEncoding = 4; lastKnownFileType = text.html; path = style.html; sourceTree = "<group>"; };
		72E06C7829E474A0000E4555 /* data.json */ = {isa = PBXFileReference; fileEncoding = 4; lastKnownFileType = text.json; path = data.json; sourceTree = "<group>"; };
		72E06C7B29E4857E000E4555 /* Models.swift */ = {isa = PBXFileReference; lastKnownFileType = sourcecode.swift; path = Models.swift; sourceTree = "<group>"; };
		72E06C7D29E48F41000E4555 /* HomeViewRow.swift */ = {isa = PBXFileReference; lastKnownFileType = sourcecode.swift; path = HomeViewRow.swift; sourceTree = "<group>"; };
		72E06C7F29E4AA08000E4555 /* LessonView.swift */ = {isa = PBXFileReference; lastKnownFileType = sourcecode.swift; path = LessonView.swift; sourceTree = "<group>"; };
		72E06C8129E4AB09000E4555 /* TestView.swift */ = {isa = PBXFileReference; lastKnownFileType = sourcecode.swift; path = TestView.swift; sourceTree = "<group>"; };
		72E06C8329E58E8F000E4555 /* ContentView.swift */ = {isa = PBXFileReference; lastKnownFileType = sourcecode.swift; path = ContentView.swift; sourceTree = "<group>"; };
		72E06C8529E5A3F4000E4555 /* ContentViewRow.swift */ = {isa = PBXFileReference; lastKnownFileType = sourcecode.swift; path = ContentViewRow.swift; sourceTree = "<group>"; };
/* End PBXFileReference section */

/* Begin PBXFrameworksBuildPhase section */
		72E06C5C29E4716F000E4555 /* Frameworks */ = {
			isa = PBXFrameworksBuildPhase;
			buildActionMask = 2147483647;
			files = (
			);
			runOnlyForDeploymentPostprocessing = 0;
		};
/* End PBXFrameworksBuildPhase section */

/* Begin PBXGroup section */
		72E06C5629E4716F000E4555 = {
			isa = PBXGroup;
			children = (
				72E06C6129E4716F000E4555 /* LearningAppV1 */,
				72E06C6029E4716F000E4555 /* Products */,
			);
			sourceTree = "<group>";
		};
		72E06C6029E4716F000E4555 /* Products */ = {
			isa = PBXGroup;
			children = (
				72E06C5F29E4716F000E4555 /* LearningAppV1.app */,
			);
			name = Products;
			sourceTree = "<group>";
		};
		72E06C6129E4716F000E4555 /* LearningAppV1 */ = {
			isa = PBXGroup;
			children = (
				72E06C6229E4716F000E4555 /* LearningAppV1App.swift */,
				72E06C7029E471C9000E4555 /* Views */,
				72E06C7129E471D0000E4555 /* ViewModels */,
				72E06C7229E471D9000E4555 /* Models */,
				72E06C7429E471FA000E4555 /* Helpers */,
				72E06C7329E471E5000E4555 /* Resources */,
				72E06C6629E47170000E4555 /* Assets.xcassets */,
				72E06C6829E47170000E4555 /* Preview Content */,
			);
			path = LearningAppV1;
			sourceTree = "<group>";
		};
		72E06C6829E47170000E4555 /* Preview Content */ = {
			isa = PBXGroup;
			children = (
				72E06C6929E47170000E4555 /* Preview Assets.xcassets */,
			);
			path = "Preview Content";
			sourceTree = "<group>";
		};
		72E06C7029E471C9000E4555 /* Views */ = {
			isa = PBXGroup;
			children = (
				72E06C6429E4716F000E4555 /* HomeView.swift */,
				72E06C7D29E48F41000E4555 /* HomeViewRow.swift */,
				72E06C7F29E4AA08000E4555 /* LessonView.swift */,
				72E06C8129E4AB09000E4555 /* TestView.swift */,
				72E06C8329E58E8F000E4555 /* ContentView.swift */,
				72E06C8529E5A3F4000E4555 /* ContentViewRow.swift */,
			);
			path = Views;
			sourceTree = "<group>";
		};
		72E06C7129E471D0000E4555 /* ViewModels */ = {
			isa = PBXGroup;
			children = (
				72E06C7529E4725B000E4555 /* ContentModel.swift */,
			);
			path = ViewModels;
			sourceTree = "<group>";
		};
		72E06C7229E471D9000E4555 /* Models */ = {
			isa = PBXGroup;
			children = (
				72E06C7B29E4857E000E4555 /* Models.swift */,
			);
			path = Models;
			sourceTree = "<group>";
		};
		72E06C7329E471E5000E4555 /* Resources */ = {
			isa = PBXGroup;
			children = (
				72E06C7829E474A0000E4555 /* data.json */,
				72E06C7729E474A0000E4555 /* style.html */,
			);
			path = Resources;
			sourceTree = "<group>";
		};
		72E06C7429E471FA000E4555 /* Helpers */ = {
			isa = PBXGroup;
			children = (
			);
			path = Helpers;
			sourceTree = "<group>";
		};
/* End PBXGroup section */

/* Begin PBXNativeTarget section */
		72E06C5E29E4716F000E4555 /* LearningAppV1 */ = {
			isa = PBXNativeTarget;
			buildConfigurationList = 72E06C6D29E47170000E4555 /* Build configuration list for PBXNativeTarget "LearningAppV1" */;
			buildPhases = (
				72E06C5B29E4716F000E4555 /* Sources */,
				72E06C5C29E4716F000E4555 /* Frameworks */,
				72E06C5D29E4716F000E4555 /* Resources */,
			);
			buildRules = (
			);
			dependencies = (
			);
			name = LearningAppV1;
			productName = LearningAppV1;
			productReference = 72E06C5F29E4716F000E4555 /* LearningAppV1.app */;
			productType = "com.apple.product-type.application";
		};
/* End PBXNativeTarget section */

/* Begin PBXProject section */
		72E06C5729E4716F000E4555 /* Project object */ = {
			isa = PBXProject;
			attributes = {
				BuildIndependentTargetsInParallel = 1;
				LastSwiftUpdateCheck = 1430;
				LastUpgradeCheck = 1430;
				TargetAttributes = {
					72E06C5E29E4716F000E4555 = {
						CreatedOnToolsVersion = 14.3;
					};
				};
			};
			buildConfigurationList = 72E06C5A29E4716F000E4555 /* Build configuration list for PBXProject "LearningAppV1" */;
			compatibilityVersion = "Xcode 14.0";
			developmentRegion = en;
			hasScannedForEncodings = 0;
			knownRegions = (
				en,
				Base,
			);
			mainGroup = 72E06C5629E4716F000E4555;
			productRefGroup = 72E06C6029E4716F000E4555 /* Products */;
			projectDirPath = "";
			projectRoot = "";
			targets = (
				72E06C5E29E4716F000E4555 /* LearningAppV1 */,
			);
		};
/* End PBXProject section */

/* Begin PBXResourcesBuildPhase section */
		72E06C5D29E4716F000E4555 /* Resources */ = {
			isa = PBXResourcesBuildPhase;
			buildActionMask = 2147483647;
			files = (
				72E06C7929E474A0000E4555 /* style.html in Resources */,
				72E06C6A29E47170000E4555 /* Preview Assets.xcassets in Resources */,
				72E06C6729E47170000E4555 /* Assets.xcassets in Resources */,
				72E06C7A29E474A0000E4555 /* data.json in Resources */,
			);
			runOnlyForDeploymentPostprocessing = 0;
		};
/* End PBXResourcesBuildPhase section */

/* Begin PBXSourcesBuildPhase section */
		72E06C5B29E4716F000E4555 /* Sources */ = {
			isa = PBXSourcesBuildPhase;
			buildActionMask = 2147483647;
			files = (
				72E06C8229E4AB09000E4555 /* TestView.swift in Sources */,
				72E06C6529E4716F000E4555 /* HomeView.swift in Sources */,
				72E06C8429E58E8F000E4555 /* ContentView.swift in Sources */,
				72E06C7E29E48F41000E4555 /* HomeViewRow.swift in Sources */,
				72E06C6329E4716F000E4555 /* LearningAppV1App.swift in Sources */,
				72E06C8629E5A3F4000E4555 /* ContentViewRow.swift in Sources */,
				72E06C7629E4725B000E4555 /* ContentModel.swift in Sources */,
				72E06C8029E4AA08000E4555 /* LessonView.swift in Sources */,
				72E06C7C29E4857E000E4555 /* Models.swift in Sources */,
			);
			runOnlyForDeploymentPostprocessing = 0;
		};
/* End PBXSourcesBuildPhase section */

/* Begin XCBuildConfiguration section */
		72E06C6B29E47170000E4555 /* Debug */ = {
			isa = XCBuildConfiguration;
			buildSettings = {
				ALWAYS_SEARCH_USER_PATHS = NO;
				CLANG_ANALYZER_NONNULL = YES;
				CLANG_ANALYZER_NUMBER_OBJECT_CONVERSION = YES_AGGRESSIVE;
				CLANG_CXX_LANGUAGE_STANDARD = "gnu++20";
				CLANG_ENABLE_MODULES = YES;
				CLANG_ENABLE_OBJC_ARC = YES;
				CLANG_ENABLE_OBJC_WEAK = YES;
				CLANG_WARN_BLOCK_CAPTURE_AUTORELEASING = YES;
				CLANG_WARN_BOOL_CONVERSION = YES;
				CLANG_WARN_COMMA = YES;
				CLANG_WARN_CONSTANT_CONVERSION = YES;
				CLANG_WARN_DEPRECATED_OBJC_IMPLEMENTATIONS = YES;
				CLANG_WARN_DIRECT_OBJC_ISA_USAGE = YES_ERROR;
				CLANG_WARN_DOCUMENTATION_COMMENTS = YES;
				CLANG_WARN_EMPTY_BODY = YES;
				CLANG_WARN_ENUM_CONVERSION = YES;
				CLANG_WARN_INFINITE_RECURSION = YES;
				CLANG_WARN_INT_CONVERSION = YES;
				CLANG_WARN_NON_LITERAL_NULL_CONVERSION = YES;
				CLANG_WARN_OBJC_IMPLICIT_RETAIN_SELF = YES;
				CLANG_WARN_OBJC_LITERAL_CONVERSION = YES;
				CLANG_WARN_OBJC_ROOT_CLASS = YES_ERROR;
				CLANG_WARN_QUOTED_INCLUDE_IN_FRAMEWORK_HEADER = YES;
				CLANG_WARN_RANGE_LOOP_ANALYSIS = YES;
				CLANG_WARN_STRICT_PROTOTYPES = YES;
				CLANG_WARN_SUSPICIOUS_MOVE = YES;
				CLANG_WARN_UNGUARDED_AVAILABILITY = YES_AGGRESSIVE;
				CLANG_WARN_UNREACHABLE_CODE = YES;
				CLANG_WARN__DUPLICATE_METHOD_MATCH = YES;
				COPY_PHASE_STRIP = NO;
				DEBUG_INFORMATION_FORMAT = dwarf;
				ENABLE_STRICT_OBJC_MSGSEND = YES;
				ENABLE_TESTABILITY = YES;
				GCC_C_LANGUAGE_STANDARD = gnu11;
				GCC_DYNAMIC_NO_PIC = NO;
				GCC_NO_COMMON_BLOCKS = YES;
				GCC_OPTIMIZATION_LEVEL = 0;
				GCC_PREPROCESSOR_DEFINITIONS = (
					"DEBUG=1",
					"$(inherited)",
				);
				GCC_WARN_64_TO_32_BIT_CONVERSION = YES;
				GCC_WARN_ABOUT_RETURN_TYPE = YES_ERROR;
				GCC_WARN_UNDECLARED_SELECTOR = YES;
				GCC_WARN_UNINITIALIZED_AUTOS = YES_AGGRESSIVE;
				GCC_WARN_UNUSED_FUNCTION = YES;
				GCC_WARN_UNUSED_VARIABLE = YES;
				IPHONEOS_DEPLOYMENT_TARGET = 16.4;
				MTL_ENABLE_DEBUG_INFO = INCLUDE_SOURCE;
				MTL_FAST_MATH = YES;
				ONLY_ACTIVE_ARCH = YES;
				SDKROOT = iphoneos;
				SWIFT_ACTIVE_COMPILATION_CONDITIONS = DEBUG;
				SWIFT_OPTIMIZATION_LEVEL = "-Onone";
			};
			name = Debug;
		};
		72E06C6C29E47170000E4555 /* Release */ = {
			isa = XCBuildConfiguration;
			buildSettings = {
				ALWAYS_SEARCH_USER_PATHS = NO;
				CLANG_ANALYZER_NONNULL = YES;
				CLANG_ANALYZER_NUMBER_OBJECT_CONVERSION = YES_AGGRESSIVE;
				CLANG_CXX_LANGUAGE_STANDARD = "gnu++20";
				CLANG_ENABLE_MODULES = YES;
				CLANG_ENABLE_OBJC_ARC = YES;
				CLANG_ENABLE_OBJC_WEAK = YES;
				CLANG_WARN_BLOCK_CAPTURE_AUTORELEASING = YES;
				CLANG_WARN_BOOL_CONVERSION = YES;
				CLANG_WARN_COMMA = YES;
				CLANG_WARN_CONSTANT_CONVERSION = YES;
				CLANG_WARN_DEPRECATED_OBJC_IMPLEMENTATIONS = YES;
				CLANG_WARN_DIRECT_OBJC_ISA_USAGE = YES_ERROR;
				CLANG_WARN_DOCUMENTATION_COMMENTS = YES;
				CLANG_WARN_EMPTY_BODY = YES;
				CLANG_WARN_ENUM_CONVERSION = YES;
				CLANG_WARN_INFINITE_RECURSION = YES;
				CLANG_WARN_INT_CONVERSION = YES;
				CLANG_WARN_NON_LITERAL_NULL_CONVERSION = YES;
				CLANG_WARN_OBJC_IMPLICIT_RETAIN_SELF = YES;
				CLANG_WARN_OBJC_LITERAL_CONVERSION = YES;
				CLANG_WARN_OBJC_ROOT_CLASS = YES_ERROR;
				CLANG_WARN_QUOTED_INCLUDE_IN_FRAMEWORK_HEADER = YES;
				CLANG_WARN_RANGE_LOOP_ANALYSIS = YES;
				CLANG_WARN_STRICT_PROTOTYPES = YES;
				CLANG_WARN_SUSPICIOUS_MOVE = YES;
				CLANG_WARN_UNGUARDED_AVAILABILITY = YES_AGGRESSIVE;
				CLANG_WARN_UNREACHABLE_CODE = YES;
				CLANG_WARN__DUPLICATE_METHOD_MATCH = YES;
				COPY_PHASE_STRIP = NO;
				DEBUG_INFORMATION_FORMAT = "dwarf-with-dsym";
				ENABLE_NS_ASSERTIONS = NO;
				ENABLE_STRICT_OBJC_MSGSEND = YES;
				GCC_C_LANGUAGE_STANDARD = gnu11;
				GCC_NO_COMMON_BLOCKS = YES;
				GCC_WARN_64_TO_32_BIT_CONVERSION = YES;
				GCC_WARN_ABOUT_RETURN_TYPE = YES_ERROR;
				GCC_WARN_UNDECLARED_SELECTOR = YES;
				GCC_WARN_UNINITIALIZED_AUTOS = YES_AGGRESSIVE;
				GCC_WARN_UNUSED_FUNCTION = YES;
				GCC_WARN_UNUSED_VARIABLE = YES;
				IPHONEOS_DEPLOYMENT_TARGET = 16.4;
				MTL_ENABLE_DEBUG_INFO = NO;
				MTL_FAST_MATH = YES;
				SDKROOT = iphoneos;
				SWIFT_COMPILATION_MODE = wholemodule;
				SWIFT_OPTIMIZATION_LEVEL = "-O";
				VALIDATE_PRODUCT = YES;
			};
			name = Release;
		};
		72E06C6E29E47170000E4555 /* Debug */ = {
			isa = XCBuildConfiguration;
			buildSettings = {
				ASSETCATALOG_COMPILER_APPICON_NAME = AppIcon;
				ASSETCATALOG_COMPILER_GLOBAL_ACCENT_COLOR_NAME = AccentColor;
				CODE_SIGN_STYLE = Automatic;
				CURRENT_PROJECT_VERSION = 1;
				DEVELOPMENT_ASSET_PATHS = "\"LearningAppV1/Preview Content\"";
				DEVELOPMENT_TEAM = CRSZFULRXV;
				ENABLE_PREVIEWS = YES;
				GENERATE_INFOPLIST_FILE = YES;
				INFOPLIST_KEY_UIApplicationSceneManifest_Generation = YES;
				INFOPLIST_KEY_UIApplicationSupportsIndirectInputEvents = YES;
				INFOPLIST_KEY_UILaunchScreen_Generation = YES;
				INFOPLIST_KEY_UISupportedInterfaceOrientations_iPad = "UIInterfaceOrientationPortrait UIInterfaceOrientationPortraitUpsideDown UIInterfaceOrientationLandscapeLeft UIInterfaceOrientationLandscapeRight";
				INFOPLIST_KEY_UISupportedInterfaceOrientations_iPhone = "UIInterfaceOrientationPortrait UIInterfaceOrientationLandscapeLeft UIInterfaceOrientationLandscapeRight";
				LD_RUNPATH_SEARCH_PATHS = (
					"$(inherited)",
					"@executable_path/Frameworks",
				);
				MARKETING_VERSION = 1.0;
				PRODUCT_BUNDLE_IDENTIFIER = com.jamielatiolais.LearningAppV1;
				PRODUCT_NAME = "$(TARGET_NAME)";
				SWIFT_EMIT_LOC_STRINGS = YES;
				SWIFT_VERSION = 5.0;
				TARGETED_DEVICE_FAMILY = "1,2";
			};
			name = Debug;
		};
		72E06C6F29E47170000E4555 /* Release */ = {
			isa = XCBuildConfiguration;
			buildSettings = {
				ASSETCATALOG_COMPILER_APPICON_NAME = AppIcon;
				ASSETCATALOG_COMPILER_GLOBAL_ACCENT_COLOR_NAME = AccentColor;
				CODE_SIGN_STYLE = Automatic;
				CURRENT_PROJECT_VERSION = 1;
				DEVELOPMENT_ASSET_PATHS = "\"LearningAppV1/Preview Content\"";
				DEVELOPMENT_TEAM = CRSZFULRXV;
				ENABLE_PREVIEWS = YES;
				GENERATE_INFOPLIST_FILE = YES;
				INFOPLIST_KEY_UIApplicationSceneManifest_Generation = YES;
				INFOPLIST_KEY_UIApplicationSupportsIndirectInputEvents = YES;
				INFOPLIST_KEY_UILaunchScreen_Generation = YES;
				INFOPLIST_KEY_UISupportedInterfaceOrientations_iPad = "UIInterfaceOrientationPortrait UIInterfaceOrientationPortraitUpsideDown UIInterfaceOrientationLandscapeLeft UIInterfaceOrientationLandscapeRight";
				INFOPLIST_KEY_UISupportedInterfaceOrientations_iPhone = "UIInterfaceOrientationPortrait UIInterfaceOrientationLandscapeLeft UIInterfaceOrientationLandscapeRight";
				LD_RUNPATH_SEARCH_PATHS = (
					"$(inherited)",
					"@executable_path/Frameworks",
				);
				MARKETING_VERSION = 1.0;
				PRODUCT_BUNDLE_IDENTIFIER = com.jamielatiolais.LearningAppV1;
				PRODUCT_NAME = "$(TARGET_NAME)";
				SWIFT_EMIT_LOC_STRINGS = YES;
				SWIFT_VERSION = 5.0;
				TARGETED_DEVICE_FAMILY = "1,2";
			};
			name = Release;
		};
/* End XCBuildConfiguration section */

/* Begin XCConfigurationList section */
		72E06C5A29E4716F000E4555 /* Build configuration list for PBXProject "LearningAppV1" */ = {
			isa = XCConfigurationList;
			buildConfigurations = (
				72E06C6B29E47170000E4555 /* Debug */,
				72E06C6C29E47170000E4555 /* Release */,
			);
			defaultConfigurationIsVisible = 0;
			defaultConfigurationName = Release;
		};
		72E06C6D29E47170000E4555 /* Build configuration list for PBXNativeTarget "LearningAppV1" */ = {
			isa = XCConfigurationList;
			buildConfigurations = (
				72E06C6E29E47170000E4555 /* Debug */,
				72E06C6F29E47170000E4555 /* Release */,
			);
			defaultConfigurationIsVisible = 0;
			defaultConfigurationName = Release;
		};
/* End XCConfigurationList section */
	};
	rootObject = 72E06C5729E4716F000E4555 /* Project object */;
}
